<?xml version="1.0" encoding="utf-8"?>
<Project ToolsVersion="4.0" xmlns="http://schemas.microsoft.com/developer/msbuild/2003">
  <ItemGroup>
    <Filter Include="Source Files">
      <UniqueIdentifier>{4FC737F1-C7A5-4376-A066-2A32D752A2FF}</UniqueIdentifier>
      <Extensions>cpp;c;cc;cxx;def;odl;idl;hpj;bat;asm;asmx</Extensions>
    </Filter>
    <Filter Include="Header Files">
      <UniqueIdentifier>{93995380-89BD-4b04-88EB-625FBE52EBFB}</UniqueIdentifier>
      <Extensions>h;hh;hpp;hxx;hm;inl;inc;xsd</Extensions>
    </Filter>
    <Filter Include="Resource Files">
      <UniqueIdentifier>{67DA6AB6-F800-4c08-8B7A-83BB121AAD01}</UniqueIdentifier>
      <Extensions>rc;ico;cur;bmp;dlg;rc2;rct;bin;rgs;gif;jpg;jpeg;jpe;resx;tiff;tif;png;wav;mfcribbon-ms</Extensions>
    </Filter>
    <Filter Include="Source Files\Greetings">
      <UniqueIdentifier>{35e4f1c8-e2ae-44f6-b51f-1ca3b7f660ce}</UniqueIdentifier>
    </Filter>
    <Filter Include="Source Files\02_02">
      <UniqueIdentifier>{e4915dfa-cd10-45c4-9eb2-ee787218f26e}</UniqueIdentifier>
    </Filter>
    <Filter Include="Source Files\02_03">
      <UniqueIdentifier>{ac9a5f06-5f02-4a9c-9a52-64d182341f16}</UniqueIdentifier>
    </Filter>
    <Filter Include="Source Files\02_04">
      <UniqueIdentifier>{ddb8f726-2c4b-4d81-af5b-40ec01a7573e}</UniqueIdentifier>
    </Filter>
    <Filter Include="Source Files\03_01">
      <UniqueIdentifier>{f827d934-61a9-4336-bd6b-f5b0b39ca555}</UniqueIdentifier>
    </Filter>
    <Filter Include="Source Files\04_01">
      <UniqueIdentifier>{0f4996ca-fcf4-4ee6-a258-1bc9d659be1b}</UniqueIdentifier>
    </Filter>
    <Filter Include="Source Files\03_05">
      <UniqueIdentifier>{84bb2ac6-129f-408e-8db5-4ed577eac0c7}</UniqueIdentifier>
    </Filter>
    <Filter Include="Source Files\03_06">
      <UniqueIdentifier>{30b30461-fa22-4471-8fb1-1a3602b22e5c}</UniqueIdentifier>
    </Filter>
    <Filter Include="Source Files\03_07">
      <UniqueIdentifier>{f4976c1e-22d6-4d39-a31d-13d1b7347300}</UniqueIdentifier>
    </Filter>
    <Filter Include="Source Files\03_08">
      <UniqueIdentifier>{238efd58-7ad1-45c8-a809-5cfde5750bf8}</UniqueIdentifier>
    </Filter>
    <Filter Include="Source Files\03_10">
      <UniqueIdentifier>{87220424-1897-41d0-b4d6-a25a9fe4ade8}</UniqueIdentifier>
    </Filter>
    <Filter Include="Source Files\04_07">
      <UniqueIdentifier>{ca27ca99-165b-4f3e-b94e-4a5ea7b9b672}</UniqueIdentifier>
    </Filter>
    <Filter Include="Source Files\05_01">
      <UniqueIdentifier>{34b872f7-3bf5-4ea9-a926-558e2256394b}</UniqueIdentifier>
    </Filter>
    <Filter Include="Source Files\ArrayVectors">
      <UniqueIdentifier>{2d522ce5-f4b7-43d8-b31d-0999eb55d132}</UniqueIdentifier>
    </Filter>
  </ItemGroup>
  <ItemGroup>
    <ClCompile Include="greetings.cpp">
      <Filter>Source Files\Greetings</Filter>
    </ClCompile>
    <ClCompile Include="travelcost.cpp">
      <Filter>Source Files\02_02</Filter>
    </ClCompile>
    <ClCompile Include="dataTypes.cpp">
      <Filter>Source Files\02_03</Filter>
    </ClCompile>
    <ClCompile Include="asciitable.cpp">
      <Filter>Source Files\02_03</Filter>
    </ClCompile>
    <ClCompile Include="dollarsAndcents.cpp">
      <Filter>Source Files\02_04</Filter>
    </ClCompile>
    <ClCompile Include="expressions.cpp">
      <Filter>Source Files\03_01</Filter>
    </ClCompile>
    <ClCompile Include="houses.cpp">
      <Filter>Source Files\04_01</Filter>
    </ClCompile>
    <ClCompile Include="House.cpp">
      <Filter>Source Files\04_01</Filter>
    </ClCompile>
    <ClCompile Include="distance.cpp">
      <Filter>Source Files\03_05</Filter>
    </ClCompile>
    <ClCompile Include="boolfunction.cpp">
      <Filter>Source Files\03_05</Filter>
    </ClCompile>
    <ClCompile Include="callbyvalue.cpp">
      <Filter>Source Files\03_06</Filter>
    </ClCompile>
    <ClCompile Include="callbyreference.cpp">
      <Filter>Source Files\03_06</Filter>
    </ClCompile>
    <ClCompile Include="defaultarguments.cpp">
      <Filter>Source Files\03_07</Filter>
    </ClCompile>
    <ClCompile Include="hospitalstay.cpp">
      <Filter>Source Files\03_08</Filter>
    </ClCompile>
    <ClCompile Include="cashier.cpp">
      <Filter>Source Files\03_10</Filter>
    </ClCompile>
    <ClCompile Include="favoriteMovies.cpp">
      <Filter>Source Files\04_07</Filter>
    </ClCompile>
    <ClCompile Include="Movie.cpp">
      <Filter>Source Files\04_07</Filter>
    </ClCompile>
    <ClCompile Include="arrays.cpp">
      <Filter>Source Files\05_01</Filter>
    </ClCompile>
    <ClCompile Include="heights.cpp">
      <Filter>Source Files\05_01</Filter>
    </ClCompile>
    <ClCompile Include="ArreVector.cpp">
      <Filter>Source Files\ArrayVectors</Filter>
    </ClCompile>
  </ItemGroup>
  <ItemGroup>
    <ClInclude Include="House.h">
      <Filter>Source Files\04_01</Filter>
    </ClInclude>
    <ClInclude Include="Movie.h">
      <Filter>Source Files\04_07</Filter>
    </ClInclude>
  </ItemGroup>
</Project>